{
  "name": "roaminteriordesign_sitemap_generator",
  "version": "1.0.0",
  "lockfileVersion": 3,
  "requires": true,
  "packages": {
    "": {
      "name": "roaminteriordesign_sitemap_generator",
      "version": "1.0.0",
      "license": "ISC",
      "dependencies": {
        "dotenv": "^16.4.5",
        "storyblok-js-client": "^6.7.1"
      }
    },
    "node_modules/dotenv": {
      "version": "16.4.5",
      "resolved": "https://registry.npmjs.org/dotenv/-/dotenv-16.4.5.tgz",
      "integrity": "sha512-ZmdL2rui+eB2YwhsWzjInR8LldtZHGDoQ1ugH85ppHKwpUHL7j7rN0Ti9NCnGiQbhaZ11FpR+7ao1dNsmduNUg==",
      "engines": {
        "node": ">=12"
      },
      "funding": {
        "url": "https://dotenvx.com"
      }
    },
    "node_modules/storyblok-js-client": {
      "version": "6.7.1",
      "resolved": "https://registry.npmjs.org/storyblok-js-client/-/storyblok-js-client-6.7.1.tgz",
      "integrity": "sha512-VOobZkor6BESji2MJUuO5jTIZeCWMUMR2LZtdSEEAtUDUfKwA88lGqDVMQqtWZ8nD7NzhZ6S7qvdv5Or9HZXRw=="
    }
  }
}
